
Microsoft Visual Studio Solution File, Format Version 12.00
# Visual Studio 2013
VisualStudioVersion = 12.0.31101.0
MinimumVisualStudioVersion = 10.0.40219.1
Project("{FAE04EC0-301F-11D3-BF4B-00C04F79EFBC}") = "Vidly", "Vidly\Vidly.csproj", "{F677FFA3-EB33-4BF9-944C-C805964CD90D}"
EndProject
Global
	GlobalSection(SolutionConfigurationPlatforms) = preSolution
		Debug|Any CPU = Debug|Any CPU
		Release|Any CPU = Release|Any CPU
	EndGlobalSection
	GlobalSection(ProjectConfigurationPlatforms) = postSolution
		{F677FFA3-EB33-4BF9-944C-C805964CD90D}.Debug|Any CPU.ActiveCfg = Debug|Any CPU
		{F677FFA3-EB33-4BF9-944C-C805964CD90D}.Debug|Any CPU.Build.0 = Debug|Any CPU
		{F677FFA3-EB33-4BF9-944C-C805964CD90D}.Release|Any CPU.ActiveCfg = Release|Any CPU
		{F677FFA3-EB33-4BF9-944C-C805964CD90D}.Release|Any CPU.Build.0 = Release|Any CPU
	EndGlobalSection
	GlobalSection(SolutionProperties) = preSolution
		HideSolutionNode = FALSE
	EndGlobalSection
EndGlobal
